
Microsoft Visual Studio Solution File, Format Version 12.00
# Visual Studio 2012
Project("{FAE04EC0-301F-11D3-BF4B-00C04F79EFBC}") = "MineLib.Network.Modular", "MineLib.Network.Modular.csproj", "{121AAB68-F93F-4DA5-A0E4-87515E2C0256}"
EndProject
Global
	GlobalSection(SolutionConfigurationPlatforms) = preSolution
		Debug|Any CPU = Debug|Any CPU
		Release|Any CPU = Release|Any CPU
	EndGlobalSection
	GlobalSection(ProjectConfigurationPlatforms) = postSolution
		{121AAB68-F93F-4DA5-A0E4-87515E2C0256}.Debug|Any CPU.ActiveCfg = Debug|Any CPU
		{121AAB68-F93F-4DA5-A0E4-87515E2C0256}.Debug|Any CPU.Build.0 = Debug|Any CPU
		{121AAB68-F93F-4DA5-A0E4-87515E2C0256}.Release|Any CPU.ActiveCfg = Release|Any CPU
		{121AAB68-F93F-4DA5-A0E4-87515E2C0256}.Release|Any CPU.Build.0 = Release|Any CPU
	EndGlobalSection
EndGlobal
